
Microsoft Visual Studio Solution File, Format Version 12.00
# Visual Studio Version 16
VisualStudioVersion = 16.0.28315.86
MinimumVisualStudioVersion = 10.0.40219.1
Project("{2150E333-8FDC-42A3-9474-1A3956D46DE8}") = "Engine", "Engine", "{46D5F88F-9332-4C77-BDAE-1B1D0D16F1C1}"
EndProject
Project("{2150E333-8FDC-42A3-9474-1A3956D46DE8}") = "Games", "Games", "{9E91435D-FC2D-42F0-834A-11ACA5AD88A0}"
EndProject
Project("{8BC9CEB8-8B4A-11D0-8D11-00A0C91BC942}") = "UE4", "Intermediate\ProjectFiles\UE4.vcxproj", "{A1080F72-68F1-4C81-B015-4A3D1B95FE13}"
EndProject
Project("{8BC9CEB8-8B4A-11D0-8D11-00A0C91BC942}") = "BuildingEscape", "Intermediate\ProjectFiles\BuildingEscape.vcxproj", "{E027F04A-EB02-4F53-AE6F-C367238CEB62}"
EndProject
Project("{2150E333-8FDC-42A3-9474-1A3956D46DE8}") = "Visualizers", "Visualizers", "{A991DF94-8286-4126-AAE9-DDE6AD9F9E5B}"
	ProjectSection(SolutionItems) = preProject
		..\..\..\..\..\..\Program Files\Epic Games\UE_4.22\Engine\Extras\VisualStudioDebugging\UE4.natvis = ..\..\..\..\..\..\Program Files\Epic Games\UE_4.22\Engine\Extras\VisualStudioDebugging\UE4.natvis
	EndProjectSection
EndProject
Global
	GlobalSection(SolutionConfigurationPlatforms) = preSolution
		DebugGame Editor|HTML5 = DebugGame Editor|HTML5
		DebugGame Editor|Win32 = DebugGame Editor|Win32
		DebugGame Editor|Win64 = DebugGame Editor|Win64
		DebugGame|HTML5 = DebugGame|HTML5
		DebugGame|Win32 = DebugGame|Win32
		DebugGame|Win64 = DebugGame|Win64
		Development Editor|HTML5 = Development Editor|HTML5
		Development Editor|Win32 = Development Editor|Win32
		Development Editor|Win64 = Development Editor|Win64
		Development|HTML5 = Development|HTML5
		Development|Win32 = Development|Win32
		Development|Win64 = Development|Win64
		Shipping|HTML5 = Shipping|HTML5
		Shipping|Win32 = Shipping|Win32
		Shipping|Win64 = Shipping|Win64
	EndGlobalSection
	GlobalSection(ProjectConfigurationPlatforms) = postSolution
		{A1080F72-68F1-4C81-B015-4A3D1B95FE13}.DebugGame Editor|HTML5.ActiveCfg = BuiltWithUnrealBuildTool|Win32
		{A1080F72-68F1-4C81-B015-4A3D1B95FE13}.DebugGame Editor|Win32.ActiveCfg = BuiltWithUnrealBuildTool|Win32
		{A1080F72-68F1-4C81-B015-4A3D1B95FE13}.DebugGame Editor|Win64.ActiveCfg = BuiltWithUnrealBuildTool|Win32
		{A1080F72-68F1-4C81-B015-4A3D1B95FE13}.DebugGame|HTML5.ActiveCfg = BuiltWithUnrealBuildTool|Win32
		{A1080F72-68F1-4C81-B015-4A3D1B95FE13}.DebugGame|Win32.ActiveCfg = BuiltWithUnrealBuildTool|Win32
		{A1080F72-68F1-4C81-B015-4A3D1B95FE13}.DebugGame|Win64.ActiveCfg = BuiltWithUnrealBuildTool|Win32
		{A1080F72-68F1-4C81-B015-4A3D1B95FE13}.Development Editor|HTML5.ActiveCfg = BuiltWithUnrealBuildTool|Win32
		{A1080F72-68F1-4C81-B015-4A3D1B95FE13}.Development Editor|Win32.ActiveCfg = BuiltWithUnrealBuildTool|Win32
		{A1080F72-68F1-4C81-B015-4A3D1B95FE13}.Development Editor|Win64.ActiveCfg = BuiltWithUnrealBuildTool|Win32
		{A1080F72-68F1-4C81-B015-4A3D1B95FE13}.Development|HTML5.ActiveCfg = BuiltWithUnrealBuildTool|Win32
		{A1080F72-68F1-4C81-B015-4A3D1B95FE13}.Development|Win32.ActiveCfg = BuiltWithUnrealBuildTool|Win32
		{A1080F72-68F1-4C81-B015-4A3D1B95FE13}.Development|Win64.ActiveCfg = BuiltWithUnrealBuildTool|Win32
		{A1080F72-68F1-4C81-B015-4A3D1B95FE13}.Shipping|HTML5.ActiveCfg = BuiltWithUnrealBuildTool|Win32
		{A1080F72-68F1-4C81-B015-4A3D1B95FE13}.Shipping|Win32.ActiveCfg = BuiltWithUnrealBuildTool|Win32
		{A1080F72-68F1-4C81-B015-4A3D1B95FE13}.Shipping|Win64.ActiveCfg = BuiltWithUnrealBuildTool|Win32
		{E027F04A-EB02-4F53-AE6F-C367238CEB62}.DebugGame Editor|HTML5.ActiveCfg = Invalid|Win32
		{E027F04A-EB02-4F53-AE6F-C367238CEB62}.DebugGame Editor|Win32.ActiveCfg = Invalid|Win32
		{E027F04A-EB02-4F53-AE6F-C367238CEB62}.DebugGame Editor|Win64.ActiveCfg = DebugGame_Editor|x64
		{E027F04A-EB02-4F53-AE6F-C367238CEB62}.DebugGame Editor|Win64.Build.0 = DebugGame_Editor|x64
		{E027F04A-EB02-4F53-AE6F-C367238CEB62}.DebugGame|HTML5.ActiveCfg = HTML5_DebugGame|Win32
		{E027F04A-EB02-4F53-AE6F-C367238CEB62}.DebugGame|HTML5.Build.0 = HTML5_DebugGame|Win32
		{E027F04A-EB02-4F53-AE6F-C367238CEB62}.DebugGame|Win32.ActiveCfg = DebugGame|Win32
		{E027F04A-EB02-4F53-AE6F-C367238CEB62}.DebugGame|Win32.Build.0 = DebugGame|Win32
		{E027F04A-EB02-4F53-AE6F-C367238CEB62}.DebugGame|Win64.ActiveCfg = DebugGame|x64
		{E027F04A-EB02-4F53-AE6F-C367238CEB62}.DebugGame|Win64.Build.0 = DebugGame|x64
		{E027F04A-EB02-4F53-AE6F-C367238CEB62}.Development Editor|HTML5.ActiveCfg = Invalid|Win32
		{E027F04A-EB02-4F53-AE6F-C367238CEB62}.Development Editor|Win32.ActiveCfg = Invalid|Win32
		{E027F04A-EB02-4F53-AE6F-C367238CEB62}.Development Editor|Win64.ActiveCfg = Development_Editor|x64
		{E027F04A-EB02-4F53-AE6F-C367238CEB62}.Development Editor|Win64.Build.0 = Development_Editor|x64
		{E027F04A-EB02-4F53-AE6F-C367238CEB62}.Development|HTML5.ActiveCfg = HTML5_Development|Win32
		{E027F04A-EB02-4F53-AE6F-C367238CEB62}.Development|HTML5.Build.0 = HTML5_Development|Win32
		{E027F04A-EB02-4F53-AE6F-C367238CEB62}.Development|Win32.ActiveCfg = Development|Win32
		{E027F04A-EB02-4F53-AE6F-C367238CEB62}.Development|Win32.Build.0 = Development|Win32
		{E027F04A-EB02-4F53-AE6F-C367238CEB62}.Development|Win64.ActiveCfg = Development|x64
		{E027F04A-EB02-4F53-AE6F-C367238CEB62}.Development|Win64.Build.0 = Development|x64
		{E027F04A-EB02-4F53-AE6F-C367238CEB62}.Shipping|HTML5.ActiveCfg = HTML5_Shipping|Win32
		{E027F04A-EB02-4F53-AE6F-C367238CEB62}.Shipping|HTML5.Build.0 = HTML5_Shipping|Win32
		{E027F04A-EB02-4F53-AE6F-C367238CEB62}.Shipping|Win32.ActiveCfg = Shipping|Win32
		{E027F04A-EB02-4F53-AE6F-C367238CEB62}.Shipping|Win32.Build.0 = Shipping|Win32
		{E027F04A-EB02-4F53-AE6F-C367238CEB62}.Shipping|Win64.ActiveCfg = Shipping|x64
		{E027F04A-EB02-4F53-AE6F-C367238CEB62}.Shipping|Win64.Build.0 = Shipping|x64
	EndGlobalSection
	GlobalSection(SolutionProperties) = preSolution
		HideSolutionNode = FALSE
	EndGlobalSection
	GlobalSection(NestedProjects) = preSolution
		{A1080F72-68F1-4C81-B015-4A3D1B95FE13} = {46D5F88F-9332-4C77-BDAE-1B1D0D16F1C1}
		{E027F04A-EB02-4F53-AE6F-C367238CEB62} = {9E91435D-FC2D-42F0-834A-11ACA5AD88A0}
	EndGlobalSection
EndGlobal
